
Microsoft Visual Studio Solution File, Format Version 12.00
# Visual Studio Version 17
VisualStudioVersion = 17.10.35122.118
MinimumVisualStudioVersion = 10.0.40219.1
Project("{9A19103F-16F7-4668-BE54-9A1E7A4F7556}") = "2274801040879_DinhDieuHuongASP1", "2274801040879_DinhDieuHuongASP1\2274801040879_DinhDieuHuongASP1.csproj", "{0BC0A986-718F-456F-9442-61BFC6CFD4B5}"
EndProject
Project("{FAE04EC0-301F-11D3-BF4B-00C04F79EFBC}") = "DemoHASP", "DemoHASP\DemoHASP.csproj", "{778B5277-ABBA-46AD-8B38-C8DEBFE6CD8A}"
EndProject
Global
	GlobalSection(SolutionConfigurationPlatforms) = preSolution
		Debug|Any CPU = Debug|Any CPU
		Release|Any CPU = Release|Any CPU
	EndGlobalSection
	GlobalSection(ProjectConfigurationPlatforms) = postSolution
		{0BC0A986-718F-456F-9442-61BFC6CFD4B5}.Debug|Any CPU.ActiveCfg = Debug|Any CPU
		{0BC0A986-718F-456F-9442-61BFC6CFD4B5}.Debug|Any CPU.Build.0 = Debug|Any CPU
		{0BC0A986-718F-456F-9442-61BFC6CFD4B5}.Release|Any CPU.ActiveCfg = Release|Any CPU
		{0BC0A986-718F-456F-9442-61BFC6CFD4B5}.Release|Any CPU.Build.0 = Release|Any CPU
		{778B5277-ABBA-46AD-8B38-C8DEBFE6CD8A}.Debug|Any CPU.ActiveCfg = Debug|Any CPU
		{778B5277-ABBA-46AD-8B38-C8DEBFE6CD8A}.Debug|Any CPU.Build.0 = Debug|Any CPU
		{778B5277-ABBA-46AD-8B38-C8DEBFE6CD8A}.Release|Any CPU.ActiveCfg = Release|Any CPU
		{778B5277-ABBA-46AD-8B38-C8DEBFE6CD8A}.Release|Any CPU.Build.0 = Release|Any CPU
	EndGlobalSection
	GlobalSection(SolutionProperties) = preSolution
		HideSolutionNode = FALSE
	EndGlobalSection
	GlobalSection(ExtensibilityGlobals) = postSolution
		SolutionGuid = {9ECAC599-0C91-464D-9154-3F6A3EAA7DAF}
	EndGlobalSection
EndGlobal
